<?xml version="1.0" encoding="utf-8"?>
<Project ToolsVersion="4.0" xmlns="http://schemas.microsoft.com/developer/msbuild/2003">
  <ItemGroup>
    <Filter Include="Source Files">
      <UniqueIdentifier>{4FC737F1-C7A5-4376-A066-2A32D752A2FF}</UniqueIdentifier>
      <Extensions>cpp;c;cc;cxx;c++;cppm;ixx;def;odl;idl;hpj;bat;asm;asmx</Extensions>
    </Filter>
    <Filter Include="Header Files">
      <UniqueIdentifier>{93995380-89BD-4b04-88EB-625FBE52EBFB}</UniqueIdentifier>
      <Extensions>h;hh;hpp;hxx;h++;hm;inl;inc;ipp;xsd</Extensions>
    </Filter>
    <Filter Include="Resource Files">
      <UniqueIdentifier>{67DA6AB6-F800-4c08-8B7A-83BB121AAD01}</UniqueIdentifier>
      <Extensions>rc;ico;cur;bmp;dlg;rc2;rct;bin;rgs;gif;jpg;jpeg;jpe;resx;tiff;tif;png;wav;mfcribbon-ms</Extensions>
    </Filter>
  </ItemGroup>
  <ItemGroup>
    <ClCompile Include="item.cpp">
      <Filter>Source Files</Filter>
    </ClCompile>
    <ClCompile Include="ability.cpp">
      <Filter>Source Files</Filter>
    </ClCompile>
    <ClCompile Include="buff.cpp">
      <Filter>Source Files</Filter>
    </ClCompile>
    <ClCompile Include="corestats.cpp">
      <Filter>Source Files</Filter>
    </ClCompile>
    <ClCompile Include="playercharacter.cpp">
      <Filter>Source Files</Filter>
    </ClCompile>
    <ClCompile Include="item_manager.cpp">
      <Filter>Source Files</Filter>
    </ClCompile>
    <ClCompile Include="pointwell.cpp">
      <Filter>Source Files</Filter>
    </ClCompile>
    <ClCompile Include="statblock.cpp">
      <Filter>Source Files</Filter>
    </ClCompile>
    <ClCompile Include="types.cpp">
      <Filter>Source Files</Filter>
    </ClCompile>
    <ClCompile Include="potion.cpp">
      <Filter>Source Files</Filter>
    </ClCompile>
    <ClCompile Include="armor.cpp">
      <Filter>Source Files</Filter>
    </ClCompile>
    <ClCompile Include="weapon.cpp">
      <Filter>Source Files</Filter>
    </ClCompile>
    <ClCompile Include="cleric.cpp">
      <Filter>Source Files</Filter>
    </ClCompile>
    <ClCompile Include="rogue.cpp">
      <Filter>Source Files</Filter>
    </ClCompile>
    <ClCompile Include="warrior.cpp">
      <Filter>Source Files</Filter>
    </ClCompile>
    <ClCompile Include="wizard.cpp">
      <Filter>Source Files</Filter>
    </ClCompile>
    <ClCompile Include="monster.cpp">
      <Filter>Source Files</Filter>
    </ClCompile>
    <ClCompile Include="random.cpp">
      <Filter>Source Files</Filter>
    </ClCompile>
  </ItemGroup>
  <ItemGroup>
    <ClInclude Include="include\demo_rpg\pointwell.h">
      <Filter>Header Files</Filter>
    </ClInclude>
    <ClInclude Include="include\demo_rpg\statblock.h">
      <Filter>Header Files</Filter>
    </ClInclude>
    <ClInclude Include="include\demo_rpg\playercharacter.h">
      <Filter>Header Files</Filter>
    </ClInclude>
    <ClInclude Include="include\demo_rpg\ability.h">
      <Filter>Header Files</Filter>
    </ClInclude>
    <ClInclude Include="include\demo_rpg\buff.h">
      <Filter>Header Files</Filter>
    </ClInclude>
    <ClInclude Include="include\demo_rpg\types.h">
      <Filter>Header Files</Filter>
    </ClInclude>
    <ClInclude Include="include\demo_rpg\corestats.h">
      <Filter>Header Files</Filter>
    </ClInclude>
    <ClInclude Include="include\demo_rpg\item.h">
      <Filter>Header Files</Filter>
    </ClInclude>
    <ClInclude Include="include\demo_rpg\item_manager.h">
      <Filter>Header Files</Filter>
    </ClInclude>
    <ClInclude Include="include\demo_rpg\potion.h">
      <Filter>Header Files</Filter>
    </ClInclude>
    <ClInclude Include="include\demo_rpg\armor.h">
      <Filter>Header Files</Filter>
    </ClInclude>
    <ClInclude Include="include\demo_rpg\weapon.h">
      <Filter>Header Files</Filter>
    </ClInclude>
    <ClInclude Include="include\demo_rpg\cleric.h">
      <Filter>Header Files</Filter>
    </ClInclude>
    <ClInclude Include="pc_macros.h">
      <Filter>Header Files</Filter>
    </ClInclude>
    <ClInclude Include="include\demo_rpg\wizard.h">
      <Filter>Header Files</Filter>
    </ClInclude>
    <ClInclude Include="include\demo_rpg\rogue.h">
      <Filter>Header Files</Filter>
    </ClInclude>
    <ClInclude Include="include\demo_rpg\warrior.h">
      <Filter>Header Files</Filter>
    </ClInclude>
    <ClInclude Include="include\demo_rpg\playableclasses_fwd.h">
      <Filter>Header Files</Filter>
    </ClInclude>
    <ClInclude Include="include\demo_rpg\monster.h">
      <Filter>Header Files</Filter>
    </ClInclude>
    <ClInclude Include="include\demo_rpg\random.h">
      <Filter>Header Files</Filter>
    </ClInclude>
  </ItemGroup>
</Project>